
Microsoft Visual Studio Solution File, Format Version 12.00
# Visual Studio 15
VisualStudioVersion = 15.0.27130.2010
MinimumVisualStudioVersion = 10.0.40219.1
Project("{FAE04EC0-301F-11D3-BF4B-00C04F79EFBC}") = "EasyCoreWebApi", "EasyCoreWebApi\EasyCoreWebApi.csproj", "{53240EA6-FA44-43BC-9417-C224C77FA472}"
EndProject
Global
	GlobalSection(SolutionConfigurationPlatforms) = preSolution
		Debug|Any CPU = Debug|Any CPU
		Release|Any CPU = Release|Any CPU
	EndGlobalSection
	GlobalSection(ProjectConfigurationPlatforms) = postSolution
		{53240EA6-FA44-43BC-9417-C224C77FA472}.Debug|Any CPU.ActiveCfg = Debug|Any CPU
		{53240EA6-FA44-43BC-9417-C224C77FA472}.Debug|Any CPU.Build.0 = Debug|Any CPU
		{53240EA6-FA44-43BC-9417-C224C77FA472}.Release|Any CPU.ActiveCfg = Release|Any CPU
		{53240EA6-FA44-43BC-9417-C224C77FA472}.Release|Any CPU.Build.0 = Release|Any CPU
	EndGlobalSection
	GlobalSection(SolutionProperties) = preSolution
		HideSolutionNode = FALSE
	EndGlobalSection
	GlobalSection(ExtensibilityGlobals) = postSolution
		SolutionGuid = {7E0342FD-9D92-4307-BE21-55AB76A1B33D}
	EndGlobalSection
EndGlobal
